
Microsoft Visual Studio Solution File, Format Version 12.00
# Visual Studio Version 16
VisualStudioVersion = 16.0.31205.134
MinimumVisualStudioVersion = 10.0.40219.1
Project("{FAE04EC0-301F-11D3-BF4B-00C04F79EFBC}") = "PerfChecker", "PerfChecker\PerfChecker.csproj", "{0E65C547-0935-4FA7-B6F7-6A9D16826ACF}"
EndProject
Global
	GlobalSection(SolutionConfigurationPlatforms) = preSolution
		Debug|Any CPU = Debug|Any CPU
		Release|Any CPU = Release|Any CPU
	EndGlobalSection
	GlobalSection(ProjectConfigurationPlatforms) = postSolution
		{0E65C547-0935-4FA7-B6F7-6A9D16826ACF}.Debug|Any CPU.ActiveCfg = Debug|Any CPU
		{0E65C547-0935-4FA7-B6F7-6A9D16826ACF}.Debug|Any CPU.Build.0 = Debug|Any CPU
		{0E65C547-0935-4FA7-B6F7-6A9D16826ACF}.Release|Any CPU.ActiveCfg = Release|Any CPU
		{0E65C547-0935-4FA7-B6F7-6A9D16826ACF}.Release|Any CPU.Build.0 = Release|Any CPU
	EndGlobalSection
	GlobalSection(SolutionProperties) = preSolution
		HideSolutionNode = FALSE
	EndGlobalSection
	GlobalSection(ExtensibilityGlobals) = postSolution
		SolutionGuid = {2C93021B-7B48-4A37-8EC6-236215E4C523}
	EndGlobalSection
EndGlobal
